
Microsoft Visual Studio Solution File, Format Version 12.00
# Visual Studio Version 17
VisualStudioVersion = 17.0.32126.317
MinimumVisualStudioVersion = 10.0.40219.1
Project("{FAE04EC0-301F-11D3-BF4B-00C04F79EFBC}") = "AlgorithmAss", "AlgorithmAss\AlgorithmAss.csproj", "{1BFAD92A-456A-454B-975C-B730E31B31A1}"
EndProject
Global
	GlobalSection(SolutionConfigurationPlatforms) = preSolution
		Debug|Any CPU = Debug|Any CPU
		Release|Any CPU = Release|Any CPU
	EndGlobalSection
	GlobalSection(ProjectConfigurationPlatforms) = postSolution
		{1BFAD92A-456A-454B-975C-B730E31B31A1}.Debug|Any CPU.ActiveCfg = Debug|Any CPU
		{1BFAD92A-456A-454B-975C-B730E31B31A1}.Debug|Any CPU.Build.0 = Debug|Any CPU
		{1BFAD92A-456A-454B-975C-B730E31B31A1}.Release|Any CPU.ActiveCfg = Release|Any CPU
		{1BFAD92A-456A-454B-975C-B730E31B31A1}.Release|Any CPU.Build.0 = Release|Any CPU
	EndGlobalSection
	GlobalSection(SolutionProperties) = preSolution
		HideSolutionNode = FALSE
	EndGlobalSection
	GlobalSection(ExtensibilityGlobals) = postSolution
		SolutionGuid = {ADA94F56-D6FE-4DA5-A4EC-858D403FAD07}
	EndGlobalSection
EndGlobal
